// !$*UTF8*$!
{
	archiveVersion = 1;
	classes = {
	};
	objectVersion = 50;
	objects = {

/* Begin PBXBuildFile section */
		068788762698813000B36F5A /* frendsViewController.swift in Sources */ = {isa = PBXBuildFile; fileRef = 068788752698813000B36F5A /* frendsViewController.swift */; };
		06BEFB3F26944EC4006D8451 /* AppDelegate.swift in Sources */ = {isa = PBXBuildFile; fileRef = 06BEFB3E26944EC4006D8451 /* AppDelegate.swift */; };
		06BEFB4126944EC4006D8451 /* SceneDelegate.swift in Sources */ = {isa = PBXBuildFile; fileRef = 06BEFB4026944EC4006D8451 /* SceneDelegate.swift */; };
		06BEFB4626944EC4006D8451 /* Main.storyboard in Resources */ = {isa = PBXBuildFile; fileRef = 06BEFB4426944EC4006D8451 /* Main.storyboard */; };
		06BEFB4826944EC6006D8451 /* Assets.xcassets in Resources */ = {isa = PBXBuildFile; fileRef = 06BEFB4726944EC6006D8451 /* Assets.xcassets */; };
		06BEFB4B26944EC6006D8451 /* LaunchScreen.storyboard in Resources */ = {isa = PBXBuildFile; fileRef = 06BEFB4926944EC6006D8451 /* LaunchScreen.storyboard */; };
		06BEFB5826946DB4006D8451 /* LoginViewController.swift in Sources */ = {isa = PBXBuildFile; fileRef = 06BEFB5726946DB4006D8451 /* LoginViewController.swift */; };
/* End PBXBuildFile section */

/* Begin PBXFileReference section */
		068788752698813000B36F5A /* frendsViewController.swift */ = {isa = PBXFileReference; lastKnownFileType = sourcecode.swift; path = frendsViewController.swift; sourceTree = "<group>"; };
		06BEFB3B26944EC4006D8451 /* VK-Agent.app */ = {isa = PBXFileReference; explicitFileType = wrapper.application; includeInIndex = 0; path = "VK-Agent.app"; sourceTree = BUILT_PRODUCTS_DIR; };
		06BEFB3E26944EC4006D8451 /* AppDelegate.swift */ = {isa = PBXFileReference; lastKnownFileType = sourcecode.swift; path = AppDelegate.swift; sourceTree = "<group>"; };
		06BEFB4026944EC4006D8451 /* SceneDelegate.swift */ = {isa = PBXFileReference; lastKnownFileType = sourcecode.swift; path = SceneDelegate.swift; sourceTree = "<group>"; };
		06BEFB4526944EC4006D8451 /* Base */ = {isa = PBXFileReference; lastKnownFileType = file.storyboard; name = Base; path = Base.lproj/Main.storyboard; sourceTree = "<group>"; };
		06BEFB4726944EC6006D8451 /* Assets.xcassets */ = {isa = PBXFileReference; lastKnownFileType = folder.assetcatalog; path = Assets.xcassets; sourceTree = "<group>"; };
		06BEFB4A26944EC6006D8451 /* Base */ = {isa = PBXFileReference; lastKnownFileType = file.storyboard; name = Base; path = Base.lproj/LaunchScreen.storyboard; sourceTree = "<group>"; };
		06BEFB4C26944EC6006D8451 /* Info.plist */ = {isa = PBXFileReference; lastKnownFileType = text.plist.xml; path = Info.plist; sourceTree = "<group>"; };
		06BEFB5726946DB4006D8451 /* LoginViewController.swift */ = {isa = PBXFileReference; lastKnownFileType = sourcecode.swift; path = LoginViewController.swift; sourceTree = "<group>"; };
/* End PBXFileReference section */

/* Begin PBXFrameworksBuildPhase section */
		06BEFB3826944EC4006D8451 /* Frameworks */ = {
			isa = PBXFrameworksBuildPhase;
			buildActionMask = 2147483647;
			files = (
			);
			runOnlyForDeploymentPostprocessing = 0;
		};
/* End PBXFrameworksBuildPhase section */

/* Begin PBXGroup section */
		0687886F2698801A00B36F5A /* frends */ = {
			isa = PBXGroup;
			children = (
				068788722698804500B36F5A /* findFrends */,
				068788712698803900B36F5A /* myFrends */,
			);
			path = frends;
			sourceTree = "<group>";
		};
		068788702698802500B36F5A /* groups */ = {
			isa = PBXGroup;
			children = (
				068788742698806600B36F5A /* findAndAddGroups */,
				068788732698805C00B36F5A /* myGroups */,
			);
			path = groups;
			sourceTree = "<group>";
		};
		068788712698803900B36F5A /* myFrends */ = {
			isa = PBXGroup;
			children = (
				068788752698813000B36F5A /* frendsViewController.swift */,
			);
			path = myFrends;
			sourceTree = "<group>";
		};
		068788722698804500B36F5A /* findFrends */ = {
			isa = PBXGroup;
			children = (
			);
			path = findFrends;
			sourceTree = "<group>";
		};
		068788732698805C00B36F5A /* myGroups */ = {
			isa = PBXGroup;
			children = (
			);
			path = myGroups;
			sourceTree = "<group>";
		};
		068788742698806600B36F5A /* findAndAddGroups */ = {
			isa = PBXGroup;
			children = (
			);
			path = findAndAddGroups;
			sourceTree = "<group>";
		};
		06BEFB3226944EC3006D8451 = {
			isa = PBXGroup;
			children = (
				06BEFB3D26944EC4006D8451 /* VK-Agent */,
				06BEFB3C26944EC4006D8451 /* Products */,
			);
			sourceTree = "<group>";
		};
		06BEFB3C26944EC4006D8451 /* Products */ = {
			isa = PBXGroup;
			children = (
				06BEFB3B26944EC4006D8451 /* VK-Agent.app */,
			);
			name = Products;
			sourceTree = "<group>";
		};
		06BEFB3D26944EC4006D8451 /* VK-Agent */ = {
			isa = PBXGroup;
			children = (
				06BEFB5526946CFC006D8451 /* Presentation */,
				06BEFB5226946214006D8451 /* AppDelegate */,
				06BEFB4426944EC4006D8451 /* Main.storyboard */,
				06BEFB5326946237006D8451 /* Resource */,
				06BEFB5426946256006D8451 /* Config */,
			);
			path = "VK-Agent";
			sourceTree = "<group>";
		};
		06BEFB5226946214006D8451 /* AppDelegate */ = {
			isa = PBXGroup;
			children = (
				06BEFB3E26944EC4006D8451 /* AppDelegate.swift */,
				06BEFB4026944EC4006D8451 /* SceneDelegate.swift */,
			);
			path = AppDelegate;
			sourceTree = "<group>";
		};
		06BEFB5326946237006D8451 /* Resource */ = {
			isa = PBXGroup;
			children = (
				06BEFB4926944EC6006D8451 /* LaunchScreen.storyboard */,
				06BEFB4726944EC6006D8451 /* Assets.xcassets */,
			);
			path = Resource;
			sourceTree = "<group>";
		};
		06BEFB5426946256006D8451 /* Config */ = {
			isa = PBXGroup;
			children = (
				06BEFB4C26944EC6006D8451 /* Info.plist */,
			);
			path = Config;
			sourceTree = "<group>";
		};
		06BEFB5526946CFC006D8451 /* Presentation */ = {
			isa = PBXGroup;
			children = (
				068788702698802500B36F5A /* groups */,
				0687886F2698801A00B36F5A /* frends */,
				06BEFB5626946D30006D8451 /* login */,
			);
			path = Presentation;
			sourceTree = "<group>";
		};
		06BEFB5626946D30006D8451 /* login */ = {
			isa = PBXGroup;
			children = (
				06BEFB5726946DB4006D8451 /* LoginViewController.swift */,
			);
			path = login;
			sourceTree = "<group>";
		};
/* End PBXGroup section */

/* Begin PBXNativeTarget section */
		06BEFB3A26944EC4006D8451 /* VK-Agent */ = {
			isa = PBXNativeTarget;
			buildConfigurationList = 06BEFB4F26944EC6006D8451 /* Build configuration list for PBXNativeTarget "VK-Agent" */;
			buildPhases = (
				06BEFB3726944EC4006D8451 /* Sources */,
				06BEFB3826944EC4006D8451 /* Frameworks */,
				06BEFB3926944EC4006D8451 /* Resources */,
			);
			buildRules = (
			);
			dependencies = (
			);
			name = "VK-Agent";
			productName = "VK-Agent";
			productReference = 06BEFB3B26944EC4006D8451 /* VK-Agent.app */;
			productType = "com.apple.product-type.application";
		};
/* End PBXNativeTarget section */

/* Begin PBXProject section */
		06BEFB3326944EC3006D8451 /* Project object */ = {
			isa = PBXProject;
			attributes = {
				LastSwiftUpdateCheck = 1250;
				LastUpgradeCheck = 1250;
				TargetAttributes = {
					06BEFB3A26944EC4006D8451 = {
						CreatedOnToolsVersion = 12.5.1;
					};
				};
			};
			buildConfigurationList = 06BEFB3626944EC3006D8451 /* Build configuration list for PBXProject "VK-Agent" */;
			compatibilityVersion = "Xcode 9.3";
			developmentRegion = en;
			hasScannedForEncodings = 0;
			knownRegions = (
				en,
				Base,
			);
			mainGroup = 06BEFB3226944EC3006D8451;
			productRefGroup = 06BEFB3C26944EC4006D8451 /* Products */;
			projectDirPath = "";
			projectRoot = "";
			targets = (
				06BEFB3A26944EC4006D8451 /* VK-Agent */,
			);
		};
/* End PBXProject section */

/* Begin PBXResourcesBuildPhase section */
		06BEFB3926944EC4006D8451 /* Resources */ = {
			isa = PBXResourcesBuildPhase;
			buildActionMask = 2147483647;
			files = (
				06BEFB4B26944EC6006D8451 /* LaunchScreen.storyboard in Resources */,
				06BEFB4826944EC6006D8451 /* Assets.xcassets in Resources */,
				06BEFB4626944EC4006D8451 /* Main.storyboard in Resources */,
			);
			runOnlyForDeploymentPostprocessing = 0;
		};
/* End PBXResourcesBuildPhase section */

/* Begin PBXSourcesBuildPhase section */
		06BEFB3726944EC4006D8451 /* Sources */ = {
			isa = PBXSourcesBuildPhase;
			buildActionMask = 2147483647;
			files = (
				06BEFB5826946DB4006D8451 /* LoginViewController.swift in Sources */,
				06BEFB3F26944EC4006D8451 /* AppDelegate.swift in Sources */,
				068788762698813000B36F5A /* frendsViewController.swift in Sources */,
				06BEFB4126944EC4006D8451 /* SceneDelegate.swift in Sources */,
			);
			runOnlyForDeploymentPostprocessing = 0;
		};
/* End PBXSourcesBuildPhase section */

/* Begin PBXVariantGroup section */
		06BEFB4426944EC4006D8451 /* Main.storyboard */ = {
			isa = PBXVariantGroup;
			children = (
				06BEFB4526944EC4006D8451 /* Base */,
			);
			name = Main.storyboard;
			sourceTree = "<group>";
		};
		06BEFB4926944EC6006D8451 /* LaunchScreen.storyboard */ = {
			isa = PBXVariantGroup;
			children = (
				06BEFB4A26944EC6006D8451 /* Base */,
			);
			name = LaunchScreen.storyboard;
			sourceTree = "<group>";
		};
/* End PBXVariantGroup section */

/* Begin XCBuildConfiguration section */
		06BEFB4D26944EC6006D8451 /* Debug */ = {
			isa = XCBuildConfiguration;
			buildSettings = {
				ALWAYS_SEARCH_USER_PATHS = NO;
				CLANG_ANALYZER_NONNULL = YES;
				CLANG_ANALYZER_NUMBER_OBJECT_CONVERSION = YES_AGGRESSIVE;
				CLANG_CXX_LANGUAGE_STANDARD = "gnu++14";
				CLANG_CXX_LIBRARY = "libc++";
				CLANG_ENABLE_MODULES = YES;
				CLANG_ENABLE_OBJC_ARC = YES;
				CLANG_ENABLE_OBJC_WEAK = YES;
				CLANG_WARN_BLOCK_CAPTURE_AUTORELEASING = YES;
				CLANG_WARN_BOOL_CONVERSION = YES;
				CLANG_WARN_COMMA = YES;
				CLANG_WARN_CONSTANT_CONVERSION = YES;
				CLANG_WARN_DEPRECATED_OBJC_IMPLEMENTATIONS = YES;
				CLANG_WARN_DIRECT_OBJC_ISA_USAGE = YES_ERROR;
				CLANG_WARN_DOCUMENTATION_COMMENTS = YES;
				CLANG_WARN_EMPTY_BODY = YES;
				CLANG_WARN_ENUM_CONVERSION = YES;
				CLANG_WARN_INFINITE_RECURSION = YES;
				CLANG_WARN_INT_CONVERSION = YES;
				CLANG_WARN_NON_LITERAL_NULL_CONVERSION = YES;
				CLANG_WARN_OBJC_IMPLICIT_RETAIN_SELF = YES;
				CLANG_WARN_OBJC_LITERAL_CONVERSION = YES;
				CLANG_WARN_OBJC_ROOT_CLASS = YES_ERROR;
				CLANG_WARN_QUOTED_INCLUDE_IN_FRAMEWORK_HEADER = YES;
				CLANG_WARN_RANGE_LOOP_ANALYSIS = YES;
				CLANG_WARN_STRICT_PROTOTYPES = YES;
				CLANG_WARN_SUSPICIOUS_MOVE = YES;
				CLANG_WARN_UNGUARDED_AVAILABILITY = YES_AGGRESSIVE;
				CLANG_WARN_UNREACHABLE_CODE = YES;
				CLANG_WARN__DUPLICATE_METHOD_MATCH = YES;
				COPY_PHASE_STRIP = NO;
				DEBUG_INFORMATION_FORMAT = dwarf;
				ENABLE_STRICT_OBJC_MSGSEND = YES;
				ENABLE_TESTABILITY = YES;
				GCC_C_LANGUAGE_STANDARD = gnu11;
				GCC_DYNAMIC_NO_PIC = NO;
				GCC_NO_COMMON_BLOCKS = YES;
				GCC_OPTIMIZATION_LEVEL = 0;
				GCC_PREPROCESSOR_DEFINITIONS = (
					"DEBUG=1",
					"$(inherited)",
				);
				GCC_WARN_64_TO_32_BIT_CONVERSION = YES;
				GCC_WARN_ABOUT_RETURN_TYPE = YES_ERROR;
				GCC_WARN_UNDECLARED_SELECTOR = YES;
				GCC_WARN_UNINITIALIZED_AUTOS = YES_AGGRESSIVE;
				GCC_WARN_UNUSED_FUNCTION = YES;
				GCC_WARN_UNUSED_VARIABLE = YES;
				IPHONEOS_DEPLOYMENT_TARGET = 14.5;
				MTL_ENABLE_DEBUG_INFO = INCLUDE_SOURCE;
				MTL_FAST_MATH = YES;
				ONLY_ACTIVE_ARCH = YES;
				SDKROOT = iphoneos;
				SWIFT_ACTIVE_COMPILATION_CONDITIONS = DEBUG;
				SWIFT_OPTIMIZATION_LEVEL = "-Onone";
			};
			name = Debug;
		};
		06BEFB4E26944EC6006D8451 /* Release */ = {
			isa = XCBuildConfiguration;
			buildSettings = {
				ALWAYS_SEARCH_USER_PATHS = NO;
				CLANG_ANALYZER_NONNULL = YES;
				CLANG_ANALYZER_NUMBER_OBJECT_CONVERSION = YES_AGGRESSIVE;
				CLANG_CXX_LANGUAGE_STANDARD = "gnu++14";
				CLANG_CXX_LIBRARY = "libc++";
				CLANG_ENABLE_MODULES = YES;
				CLANG_ENABLE_OBJC_ARC = YES;
				CLANG_ENABLE_OBJC_WEAK = YES;
				CLANG_WARN_BLOCK_CAPTURE_AUTORELEASING = YES;
				CLANG_WARN_BOOL_CONVERSION = YES;
				CLANG_WARN_COMMA = YES;
				CLANG_WARN_CONSTANT_CONVERSION = YES;
				CLANG_WARN_DEPRECATED_OBJC_IMPLEMENTATIONS = YES;
				CLANG_WARN_DIRECT_OBJC_ISA_USAGE = YES_ERROR;
				CLANG_WARN_DOCUMENTATION_COMMENTS = YES;
				CLANG_WARN_EMPTY_BODY = YES;
				CLANG_WARN_ENUM_CONVERSION = YES;
				CLANG_WARN_INFINITE_RECURSION = YES;
				CLANG_WARN_INT_CONVERSION = YES;
				CLANG_WARN_NON_LITERAL_NULL_CONVERSION = YES;
				CLANG_WARN_OBJC_IMPLICIT_RETAIN_SELF = YES;
				CLANG_WARN_OBJC_LITERAL_CONVERSION = YES;
				CLANG_WARN_OBJC_ROOT_CLASS = YES_ERROR;
				CLANG_WARN_QUOTED_INCLUDE_IN_FRAMEWORK_HEADER = YES;
				CLANG_WARN_RANGE_LOOP_ANALYSIS = YES;
				CLANG_WARN_STRICT_PROTOTYPES = YES;
				CLANG_WARN_SUSPICIOUS_MOVE = YES;
				CLANG_WARN_UNGUARDED_AVAILABILITY = YES_AGGRESSIVE;
				CLANG_WARN_UNREACHABLE_CODE = YES;
				CLANG_WARN__DUPLICATE_METHOD_MATCH = YES;
				COPY_PHASE_STRIP = NO;
				DEBUG_INFORMATION_FORMAT = "dwarf-with-dsym";
				ENABLE_NS_ASSERTIONS = NO;
				ENABLE_STRICT_OBJC_MSGSEND = YES;
				GCC_C_LANGUAGE_STANDARD = gnu11;
				GCC_NO_COMMON_BLOCKS = YES;
				GCC_WARN_64_TO_32_BIT_CONVERSION = YES;
				GCC_WARN_ABOUT_RETURN_TYPE = YES_ERROR;
				GCC_WARN_UNDECLARED_SELECTOR = YES;
				GCC_WARN_UNINITIALIZED_AUTOS = YES_AGGRESSIVE;
				GCC_WARN_UNUSED_FUNCTION = YES;
				GCC_WARN_UNUSED_VARIABLE = YES;
				IPHONEOS_DEPLOYMENT_TARGET = 14.5;
				MTL_ENABLE_DEBUG_INFO = NO;
				MTL_FAST_MATH = YES;
				SDKROOT = iphoneos;
				SWIFT_COMPILATION_MODE = wholemodule;
				SWIFT_OPTIMIZATION_LEVEL = "-O";
				VALIDATE_PRODUCT = YES;
			};
			name = Release;
		};
		06BEFB5026944EC6006D8451 /* Debug */ = {
			isa = XCBuildConfiguration;
			buildSettings = {
				ASSETCATALOG_COMPILER_APPICON_NAME = AppIcon;
				ASSETCATALOG_COMPILER_GLOBAL_ACCENT_COLOR_NAME = AccentColor;
				CODE_SIGN_STYLE = Automatic;
				DEVELOPMENT_TEAM = 95C35P9LHK;
				INFOPLIST_FILE = "VK-Agent/Config/Info.plist";
				LD_RUNPATH_SEARCH_PATHS = (
					"$(inherited)",
					"@executable_path/Frameworks",
				);
				PRODUCT_BUNDLE_IDENTIFIER = "i-cio.VK-Agent";
				PRODUCT_NAME = "$(TARGET_NAME)";
				SWIFT_VERSION = 5.0;
				TARGETED_DEVICE_FAMILY = "1,2";
			};
			name = Debug;
		};
		06BEFB5126944EC6006D8451 /* Release */ = {
			isa = XCBuildConfiguration;
			buildSettings = {
				ASSETCATALOG_COMPILER_APPICON_NAME = AppIcon;
				ASSETCATALOG_COMPILER_GLOBAL_ACCENT_COLOR_NAME = AccentColor;
				CODE_SIGN_STYLE = Automatic;
				DEVELOPMENT_TEAM = 95C35P9LHK;
				INFOPLIST_FILE = "VK-Agent/Config/Info.plist";
				LD_RUNPATH_SEARCH_PATHS = (
					"$(inherited)",
					"@executable_path/Frameworks",
				);
				PRODUCT_BUNDLE_IDENTIFIER = "i-cio.VK-Agent";
				PRODUCT_NAME = "$(TARGET_NAME)";
				SWIFT_VERSION = 5.0;
				TARGETED_DEVICE_FAMILY = "1,2";
			};
			name = Release;
		};
/* End XCBuildConfiguration section */

/* Begin XCConfigurationList section */
		06BEFB3626944EC3006D8451 /* Build configuration list for PBXProject "VK-Agent" */ = {
			isa = XCConfigurationList;
			buildConfigurations = (
				06BEFB4D26944EC6006D8451 /* Debug */,
				06BEFB4E26944EC6006D8451 /* Release */,
			);
			defaultConfigurationIsVisible = 0;
			defaultConfigurationName = Release;
		};
		06BEFB4F26944EC6006D8451 /* Build configuration list for PBXNativeTarget "VK-Agent" */ = {
			isa = XCConfigurationList;
			buildConfigurations = (
				06BEFB5026944EC6006D8451 /* Debug */,
				06BEFB5126944EC6006D8451 /* Release */,
			);
			defaultConfigurationIsVisible = 0;
			defaultConfigurationName = Release;
		};
/* End XCConfigurationList section */
	};
	rootObject = 06BEFB3326944EC3006D8451 /* Project object */;
}
